
Microsoft Visual Studio Solution File, Format Version 12.00
# Visual Studio 2013
VisualStudioVersion = 12.0.31101.0
MinimumVisualStudioVersion = 10.0.40219.1
Project("{FAE04EC0-301F-11D3-BF4B-00C04F79EFBC}") = "SKeepyStorefrontWebSite", "SKeepyStorefrontWebSite\SKeepyStorefrontWebSite.csproj", "{D0150646-B562-4EB0-A81D-DBEEEA0D2238}"
EndProject
Project("{2150E333-8FDC-42A3-9474-1A3956D46DE8}") = ".nuget", ".nuget", "{641E47E3-E7C3-4228-959D-D76E2E2D7390}"
	ProjectSection(SolutionItems) = preProject
		.nuget\NuGet.Config = .nuget\NuGet.Config
		.nuget\NuGet.exe = .nuget\NuGet.exe
		.nuget\NuGet.targets = .nuget\NuGet.targets
	EndProjectSection
EndProject
Global
	GlobalSection(SolutionConfigurationPlatforms) = preSolution
		Debug|Any CPU = Debug|Any CPU
		Release|Any CPU = Release|Any CPU
	EndGlobalSection
	GlobalSection(ProjectConfigurationPlatforms) = postSolution
		{D0150646-B562-4EB0-A81D-DBEEEA0D2238}.Debug|Any CPU.ActiveCfg = Debug|Any CPU
		{D0150646-B562-4EB0-A81D-DBEEEA0D2238}.Debug|Any CPU.Build.0 = Debug|Any CPU
		{D0150646-B562-4EB0-A81D-DBEEEA0D2238}.Release|Any CPU.ActiveCfg = Release|Any CPU
		{D0150646-B562-4EB0-A81D-DBEEEA0D2238}.Release|Any CPU.Build.0 = Release|Any CPU
	EndGlobalSection
	GlobalSection(SolutionProperties) = preSolution
		HideSolutionNode = FALSE
	EndGlobalSection
EndGlobal
